{
    "_meta": {
        "hash": {
            "sha256": "2ea95a9dba2a4eae38056173e7aca15e4bb6265b78460b3b62f58e298ef8d98e"
        },
        "pipfile-spec": 6,
        "requires": {
            "python_version": "3.8"
        },
        "sources": [
            {
                "name": "pypi",
                "url": "https://pypi.org/simple",
                "verify_ssl": true
            }
        ]
    },
    "default": {
        "irc": {
            "hashes": [
                "sha256:7cbdd492edf93a0f4c1c390a44fd1bdaea4d3401864666b1e43f0c5d693dd1ad",
                "sha256:989b438363c41b371356be6f68f8cdbb7c7748234ae9494e9d16ee5f4d4ae5e1"
            ],
            "index": "pypi",
            "version": "==18.0.0"
        },
        "jaraco.classes": {
            "hashes": [
                "sha256:116429c2047953f525afdcae165475c4589c7b14870e78b2d068ecb01018827e",
                "sha256:c38698ff8ef932eb33d91c0e8fc192ad7c44ecee03f7f585afd4f35aeaef7aab"
            ],
            "version": "==3.1.0"
        },
        "jaraco.collections": {
            "hashes": [
                "sha256:a7889f28c80c4875bd6256d9924e8526dacfef22cd7b80ff8469b4d312f9f144",
                "sha256:be570ef4f2e7290b757449395238fa63d70a9255574624e73c5ff9f1ee554721"
            ],
            "version": "==3.0.0"
        },
        "jaraco.functools": {
            "hashes": [
                "sha256:9fedc4be3117512ca3e03e1b2ffa7a6a6ffa589bfb7d02bfb324e55d493b94f4",
                "sha256:d3dc9f6c1a1d45d7f59682a3bf77aceb685c1a60891606c7e4161e72ecc399ad"
            ],
            "version": "==3.0.1"
        },
        "jaraco.logging": {
            "hashes": [
                "sha256:31716fe84d3d5df39d95572942513bd4bf8ae0a478f64031eff4c2ea9e83434e",
                "sha256:b05ed07101883997a30e05c2472798d86129803d9961a0d1081a3236ad37c52a"
            ],
            "version": "==3.0.0"
        },
        "jaraco.stream": {
            "hashes": [
                "sha256:287e1cba9f278e0146fdded6bc40518930813a5584579769aeaa1d0bfd178a73",
                "sha256:a42357141288bbd55938b9ff464173c078038374ce5ffa1bf31895138acc0f30"
            ],
            "version": "==3.0.0"
        },
        "jaraco.text": {
            "hashes": [
                "sha256:c87569c9afae14f71b2e1c57f316770ab6981ab675d9c602be1c7981161bacdd",
                "sha256:e5078b1126cc0f166c7859aa75103a56c0d0f39ebcafc21695615472e0f810ec"
            ],
            "version": "==3.2.0"
        },
        "more-itertools": {
            "hashes": [
                "sha256:5dd8bcf33e5f9513ffa06d5ad33d78f31e1931ac9a18f33d37e77a180d393a7c",
                "sha256:b1ddb932186d8a6ac451e1d95844b382f55e12686d51ca0c68b6f61f2ab7a507"
            ],
            "version": "==8.2.0"
        },
        "pytz": {
            "hashes": [
                "sha256:a494d53b6d39c3c6e44c3bec237336e14305e4f29bbf800b599253057fbb79ed",
                "sha256:c35965d010ce31b23eeb663ed3cc8c906275d6be1a34393a1d73a41febf4a048"
            ],
            "version": "==2020.1"
        },
        "six": {
            "hashes": [
                "sha256:236bdbdce46e6e6a3d61a337c0f8b763ca1e8717c03b369e87a7ec7ce1319c0a",
                "sha256:8f3cd2e254d8f793e7f3d6d9df77b92252b52637291d0f0da013c76ea2724b6c"
            ],
            "version": "==1.14.0"
        },
        "tempora": {
            "hashes": [
                "sha256:70503a3a10fb341f49e7919d193f0b6362bbfddffb560fac47df3e977414c0c6",
                "sha256:e370d822cf48f5356aab0734ea45807250f5120e291c76712a1d766b49ae34f8"
            ],
            "version": "==3.0.0"
        }
    },
    "develop": {}
}
