{
    "_meta": {
        "hash": {
            "sha256": "813858e825d99465e4c7d99fcc6b34c6ae7f1adb87a6ca58b887be6876188e34"
        },
        "pipfile-spec": 6,
        "requires": {
            "python_version": "3.8"
        },
        "sources": [
            {
                "name": "pypi",
                "url": "https://pypi.org/simple",
                "verify_ssl": true
            }
        ]
    },
    "default": {
        "anyio": {
            "hashes": [
                "sha256:413adf95f93886e442aea925f3ee43baa5a765a64a0f52c6081894f9992fdd0b",
                "sha256:cb29b9c70620506a9a8f87a309591713446953302d7d995344d0d7c6c0c9a7be"
            ],
            "markers": "python_full_version >= '3.6.2'",
            "version": "==3.6.1"
        },
        "attrs": {
            "hashes": [
                "sha256:08a96c641c3a74e44eb59afb61a24f2cb9f4d7188748e76ba4bb5edfa3cb7d1c",
                "sha256:f7b7ce16570fe9965acd6d30101a28f62fb4a7f9e926b3bbc9b61f8b04247e72"
            ],
            "markers": "python_version >= '2.7' and python_version not in '3.0, 3.1, 3.2, 3.3'",
            "version": "==19.3.0"
        },
        "beautifulsoup4": {
            "hashes": [
                "sha256:58d5c3d29f5a36ffeb94f02f0d786cd53014cf9b3b3951d42e0080d8a9498d30",
                "sha256:ad9aa55b65ef2808eb405f46cf74df7fcb7044d5cbc26487f96eb2ef2e436693"
            ],
            "markers": "python_full_version >= '3.6.0'",
            "version": "==4.11.1"
        },
        "bs4": {
            "hashes": [
                "sha256:36ecea1fd7cc5c0c6e4a1ff075df26d50da647b75376626cc186e2212886dd3a"
            ],
            "index": "pypi",
            "version": "==0.0.1"
        },
        "certifi": {
            "hashes": [
                "sha256:5930595817496dd21bb8dc35dad090f1c2cd0adfaf21204bf6732ca5d8ee34d3",
                "sha256:8fc0819f1f30ba15bdb34cceffb9ef04d99f420f68eb75d901e9560b8749fc41"
            ],
            "index": "pypi",
            "version": "==2020.6.20"
        },
        "click": {
            "hashes": [
                "sha256:d2b5255c7c6349bc1bd1e59e08cd12acbbd63ce649f2588755783aa94dfb6b1a",
                "sha256:dacca89f4bfadd5de3d7489b7c8a566eee0d3676333fbb50030263894c38c0dc"
            ],
            "markers": "python_version >= '2.7' and python_version not in '3.0, 3.1, 3.2, 3.3, 3.4'",
            "version": "==7.1.2"
        },
        "h11": {
            "hashes": [
                "sha256:36a3cb8c0a032f56e2da7084577878a035d3b61d104230d4bd49c0c6b555a9c6",
                "sha256:47222cb6067e4a307d535814917cd98fd0a57b6788ce715755fa2b6c28b56042"
            ],
            "markers": "python_full_version >= '3.6.0'",
            "version": "==0.12.0"
        },
        "httpcore": {
            "hashes": [
                "sha256:1105b8b73c025f23ff7c36468e4432226cbb959176eab66864b8e31c4ee27fa6",
                "sha256:18b68ab86a3ccf3e7dc0f43598eaddcf472b602aba29f9aa6ab85fe2ada3980b"
            ],
            "markers": "python_version >= '3.7'",
            "version": "==0.15.0"
        },
        "httpx": {
            "hashes": [
                "sha256:42974f577483e1e932c3cdc3cd2303e883cbfba17fe228b0f63589764d7b9c4b",
                "sha256:f28eac771ec9eb4866d3fb4ab65abd42d38c424739e80c08d8d20570de60b0ef"
            ],
            "index": "pypi",
            "version": "==0.23.0"
        },
        "idna": {
            "hashes": [
                "sha256:84d9dd047ffa80596e0f246e2eab0b391788b0503584e8945f2368256d2735ff",
                "sha256:9d643ff0a55b762d5cdb124b8eaa99c66322e2157b69160bc32796e824360e6d"
            ],
            "markers": "python_version >= '3.5'",
            "version": "==3.3"
        },
        "irc": {
            "hashes": [
                "sha256:101faabfc1080b9567f16a8cb7548d3c893d1abd4abcb9717ece2f07f796fb50",
                "sha256:29026b1e977dacb621c710ae9531fcab6fa21825b743c616c220da0e58a32233"
            ],
            "index": "pypi",
            "version": "==19.0.0"
        },
        "jaraco.classes": {
            "hashes": [
                "sha256:22ac35313cf4b145bf7b217cc51be2d98a3d2db1c8558a30ca259d9f0b9c0b7d",
                "sha256:ed54b728af1937dc16b7236fbaf34ba561ba1ace572b03fffa5486ed363ecf34"
            ],
            "markers": "python_full_version >= '3.6.0'",
            "version": "==3.2.1"
        },
        "jaraco.collections": {
            "hashes": [
                "sha256:b04f00bd4b3c4fc4ba5fe1baf8042c0efd192b13e386830ea23fff77bb69dc88",
                "sha256:ef7c308d6d7cadfb16b32c7e414d628151ab02b57a5702b9d9a293148c035e70"
            ],
            "markers": "python_version >= '3.7'",
            "version": "==3.5.1"
        },
        "jaraco.context": {
            "hashes": [
                "sha256:17b909da2fb37ad237ca7ff9523977f8665a47a25b90aec6a99a3e0959c86141",
                "sha256:f0d4d82ffbbbff680384eba48a32a3167f12a91a30a7db56fd97b87e73a87241"
            ],
            "markers": "python_full_version >= '3.6.0'",
            "version": "==4.1.1"
        },
        "jaraco.functools": {
            "hashes": [
                "sha256:141f95c490a18eb8aab86caf7a2728f02f604988a26dc36652e3d9fa9e4c49fa",
                "sha256:31e0e93d1027592b7b0bec6ad468db850338981ebee76ba5e212e235f4c7dda0"
            ],
            "markers": "python_version >= '3.7'",
            "version": "==3.5.0"
        },
        "jaraco.logging": {
            "hashes": [
                "sha256:150dc8701207b28bc65a16f0e91c07250a8d1b9da324ce674c0e375774944f13",
                "sha256:ec4720a1ed8d7e4667a5f0178c4864df1a2f085aad5ba47355c41fcb2f9d68cd"
            ],
            "markers": "python_full_version >= '3.6.0'",
            "version": "==3.1.0"
        },
        "jaraco.stream": {
            "hashes": [
                "sha256:3af4b0441090ee65bd6dde930d29f93f50c4a2fe6048e2a9d288285f5e4dc441",
                "sha256:7fe38f25767b717afcf3ca79ec8fff06e85ae166fb5e42da58cc2a581bc9db39"
            ],
            "markers": "python_full_version >= '3.6.0'",
            "version": "==3.0.3"
        },
        "jaraco.text": {
            "hashes": [
                "sha256:17b43aa0bd46e97c368ccd8a4c8fef2719ca121b6d39ce4be9d9e0143832479a",
                "sha256:a7f9cc1b44a5f3096a216cbd130b650c7a6b2c9f8005b000ae97f329239a7c00"
            ],
            "markers": "python_full_version >= '3.6.0'",
            "version": "==3.7.0"
        },
        "more-itertools": {
            "hashes": [
                "sha256:a42901a0a5b169d925f6f217cd5a190e32ef54360905b9c39ee7db5313bfec0f",
                "sha256:c5122bffc5f104d37c1626b8615b511f3427aa5389b94d61e5ef8236bfbc3ddb"
            ],
            "markers": "python_version >= '3.5'",
            "version": "==8.13.0"
        },
        "pytz": {
            "hashes": [
                "sha256:1e760e2fe6a8163bc0b3d9a19c4f84342afa0a2affebfaa84b01b978a02ecaa7",
                "sha256:e68985985296d9a66a881eb3193b0906246245294a881e7c8afe623866ac6a5c"
            ],
            "version": "==2022.1"
        },
        "qtoml": {
            "hashes": [
                "sha256:06aac0e068d1d11c55b8c2df38625e589ad63847447fff8c53078e8d9db9935d",
                "sha256:224ae6d10c7d4e7e00bfdeb19001948757d589db5dd61abcd4906e24a7f72995"
            ],
            "index": "pypi",
            "version": "==0.3.0"
        },
        "rfc3986": {
            "extras": [
                "idna2008"
            ],
            "hashes": [
                "sha256:270aaf10d87d0d4e095063c65bf3ddbc6ee3d0b226328ce21e036f946e421835",
                "sha256:a86d6e1f5b1dc238b218b012df0aa79409667bb209e58da56d0b94704e712a97"
            ],
            "version": "==1.5.0"
        },
        "sniffio": {
            "hashes": [
                "sha256:471b71698eac1c2112a40ce2752bb2f4a4814c22a54a3eed3676bc0f5ca9f663",
                "sha256:c4666eecec1d3f50960c6bdf61ab7bc350648da6c126e3cf6898d8cd4ddcd3de"
            ],
            "markers": "python_version >= '3.5'",
            "version": "==1.2.0"
        },
        "soupsieve": {
            "hashes": [
                "sha256:3b2503d3c7084a42b1ebd08116e5f81aadfaea95863628c80a3b774a11b7c759",
                "sha256:fc53893b3da2c33de295667a0e19f078c14bf86544af307354de5fcf12a3f30d"
            ],
            "markers": "python_full_version >= '3.6.0'",
            "version": "==2.3.2.post1"
        },
        "tempora": {
            "hashes": [
                "sha256:cba0f197a64883bf3e73657efbc0324d5bf17179e7769b1385b4d75d26cd9127",
                "sha256:fbca6a229af666ea4ea8b2f9f80ac9a074f7cf53a97987855b1d15b6e93fd63b"
            ],
            "markers": "python_version >= '3.7'",
            "version": "==5.0.1"
        }
    },
    "develop": {}
}
